
Microsoft Visual Studio Solution File, Format Version 12.00
# Visual Studio Version 17
VisualStudioVersion = 17.9.34723.18
MinimumVisualStudioVersion = 10.0.40219.1
Project("{9A19103F-16F7-4668-BE54-9A1E7A4F7556}") = "TaskAPI", "TaskAPI.csproj", "{5B181804-D4F1-4C40-8658-4A901460E52C}"
EndProject
Global
	GlobalSection(SolutionConfigurationPlatforms) = preSolution
		Debug|Any CPU = Debug|Any CPU
		Release|Any CPU = Release|Any CPU
	EndGlobalSection
	GlobalSection(ProjectConfigurationPlatforms) = postSolution
		{5B181804-D4F1-4C40-8658-4A901460E52C}.Debug|Any CPU.ActiveCfg = Debug|Any CPU
		{5B181804-D4F1-4C40-8658-4A901460E52C}.Debug|Any CPU.Build.0 = Debug|Any CPU
		{5B181804-D4F1-4C40-8658-4A901460E52C}.Release|Any CPU.ActiveCfg = Release|Any CPU
		{5B181804-D4F1-4C40-8658-4A901460E52C}.Release|Any CPU.Build.0 = Release|Any CPU
	EndGlobalSection
	GlobalSection(SolutionProperties) = preSolution
		HideSolutionNode = FALSE
	EndGlobalSection
	GlobalSection(ExtensibilityGlobals) = postSolution
		SolutionGuid = {FD14FA01-ABF7-44BF-8D19-B11EA62A3A73}
	EndGlobalSection
EndGlobal
